// !$*UTF8*$!
{
	archiveVersion = 1;
	classes = {
	};
	objectVersion = 52;
	objects = {

/* Begin PBXBuildFile section */
		7E1DE272245E21D5004338C7 /* CoolSlider.swift in Sources */ = {isa = PBXBuildFile; fileRef = 7E1DE271245E21D5004338C7 /* CoolSlider.swift */; };
		7E1DE274245E4141004338C7 /* UIColor+extension.swift in Sources */ = {isa = PBXBuildFile; fileRef = 7E1DE273245E4141004338C7 /* UIColor+extension.swift */; };
		7E1DE276245E43FF004338C7 /* WakeSlider.swift in Sources */ = {isa = PBXBuildFile; fileRef = 7E1DE275245E43FF004338C7 /* WakeSlider.swift */; };
		7E1DE279245E5CAA004338C7 /* ShiftTableViewCell.swift in Sources */ = {isa = PBXBuildFile; fileRef = 7E1DE278245E5CAA004338C7 /* ShiftTableViewCell.swift */; };
		7E1DE27C245E5E97004338C7 /* SwiftEntryKit in Frameworks */ = {isa = PBXBuildFile; productRef = 7E1DE27B245E5E97004338C7 /* SwiftEntryKit */; };
		7E1DE27E245E6011004338C7 /* Shift.swift in Sources */ = {isa = PBXBuildFile; fileRef = 7E1DE27D245E6011004338C7 /* Shift.swift */; };
		7E1DE280245E6408004338C7 /* AddShiftViewController.swift in Sources */ = {isa = PBXBuildFile; fileRef = 7E1DE27F245E6408004338C7 /* AddShiftViewController.swift */; };
		7E1DE282245E6422004338C7 /* TextField.swift in Sources */ = {isa = PBXBuildFile; fileRef = 7E1DE281245E6422004338C7 /* TextField.swift */; };
		7E1DE284245E6C3F004338C7 /* ResultsViewController.swift in Sources */ = {isa = PBXBuildFile; fileRef = 7E1DE283245E6C3F004338C7 /* ResultsViewController.swift */; };
		7E4E15EC245E06BF006B88CC /* proximanova-light.otf in Resources */ = {isa = PBXBuildFile; fileRef = 7E4E15EB245E0684006B88CC /* proximanova-light.otf */; };
		7E4E15EE245E0811006B88CC /* Label.swift in Sources */ = {isa = PBXBuildFile; fileRef = 7E4E15ED245E0811006B88CC /* Label.swift */; };
		7E61D58E245E1C4D00561F97 /* SetupScreenSleepViewController.swift in Sources */ = {isa = PBXBuildFile; fileRef = 7E61D58D245E1C4D00561F97 /* SetupScreenSleepViewController.swift */; };
		7E61D592245E1CF300561F97 /* AlgorithmInput.swift in Sources */ = {isa = PBXBuildFile; fileRef = 7E61D591245E1CF300561F97 /* AlgorithmInput.swift */; };
		7E61D594245E1E7A00561F97 /* CardView.swift in Sources */ = {isa = PBXBuildFile; fileRef = 7E61D593245E1E7A00561F97 /* CardView.swift */; };
		7E8BB324245DE2F8005A2777 /* AppDelegate.swift in Sources */ = {isa = PBXBuildFile; fileRef = 7E8BB323245DE2F8005A2777 /* AppDelegate.swift */; };
		7E8BB326245DE2F8005A2777 /* SceneDelegate.swift in Sources */ = {isa = PBXBuildFile; fileRef = 7E8BB325245DE2F8005A2777 /* SceneDelegate.swift */; };
		7E8BB328245DE2F8005A2777 /* ViewController.swift in Sources */ = {isa = PBXBuildFile; fileRef = 7E8BB327245DE2F8005A2777 /* ViewController.swift */; };
		7E8BB32B245DE2F8005A2777 /* Main.storyboard in Resources */ = {isa = PBXBuildFile; fileRef = 7E8BB329245DE2F8005A2777 /* Main.storyboard */; };
		7E8BB32D245DE301005A2777 /* Assets.xcassets in Resources */ = {isa = PBXBuildFile; fileRef = 7E8BB32C245DE301005A2777 /* Assets.xcassets */; };
		7E8BB330245DE301005A2777 /* LaunchScreen.storyboard in Resources */ = {isa = PBXBuildFile; fileRef = 7E8BB32E245DE301005A2777 /* LaunchScreen.storyboard */; };
		7E8BB339245DEC28005A2777 /* Alamofire in Frameworks */ = {isa = PBXBuildFile; productRef = 7E8BB338245DEC28005A2777 /* Alamofire */; };
		7E8BB33B245DEC37005A2777 /* BackendCaller.swift in Sources */ = {isa = PBXBuildFile; fileRef = 7E8BB33A245DEC37005A2777 /* BackendCaller.swift */; };
		7E8BB33E245DF60F005A2777 /* Anchorage in Frameworks */ = {isa = PBXBuildFile; productRef = 7E8BB33D245DF60F005A2777 /* Anchorage */; };
		7E8BB343245DF7AF005A2777 /* ShiftViewController.swift in Sources */ = {isa = PBXBuildFile; fileRef = 7E8BB342245DF7AF005A2777 /* ShiftViewController.swift */; };
		7E8BB347245DF87C005A2777 /* JTAppleCalendar in Frameworks */ = {isa = PBXBuildFile; productRef = 7E8BB346245DF87C005A2777 /* JTAppleCalendar */; };
		7E8BB349245DF963005A2777 /* SetupScreenAgeWeightViewController.swift in Sources */ = {isa = PBXBuildFile; fileRef = 7E8BB348245DF963005A2777 /* SetupScreenAgeWeightViewController.swift */; };
		7E8BB34C245DF9AB005A2777 /* Button.swift in Sources */ = {isa = PBXBuildFile; fileRef = 7E8BB34B245DF9AB005A2777 /* Button.swift */; };
		7E8BB34E245DFA93005A2777 /* ModernSans-Light.otf in Resources */ = {isa = PBXBuildFile; fileRef = 7E8BB34D245DFA90005A2777 /* ModernSans-Light.otf */; };
/* End PBXBuildFile section */

/* Begin PBXFileReference section */
		7E1DE271245E21D5004338C7 /* CoolSlider.swift */ = {isa = PBXFileReference; lastKnownFileType = sourcecode.swift; path = CoolSlider.swift; sourceTree = "<group>"; };
		7E1DE273245E4141004338C7 /* UIColor+extension.swift */ = {isa = PBXFileReference; lastKnownFileType = sourcecode.swift; path = "UIColor+extension.swift"; sourceTree = "<group>"; };
		7E1DE275245E43FF004338C7 /* WakeSlider.swift */ = {isa = PBXFileReference; lastKnownFileType = sourcecode.swift; path = WakeSlider.swift; sourceTree = "<group>"; };
		7E1DE278245E5CAA004338C7 /* ShiftTableViewCell.swift */ = {isa = PBXFileReference; lastKnownFileType = sourcecode.swift; path = ShiftTableViewCell.swift; sourceTree = "<group>"; };
		7E1DE27D245E6011004338C7 /* Shift.swift */ = {isa = PBXFileReference; lastKnownFileType = sourcecode.swift; path = Shift.swift; sourceTree = "<group>"; };
		7E1DE27F245E6408004338C7 /* AddShiftViewController.swift */ = {isa = PBXFileReference; lastKnownFileType = sourcecode.swift; path = AddShiftViewController.swift; sourceTree = "<group>"; };
		7E1DE281245E6422004338C7 /* TextField.swift */ = {isa = PBXFileReference; lastKnownFileType = sourcecode.swift; path = TextField.swift; sourceTree = "<group>"; };
		7E1DE283245E6C3F004338C7 /* ResultsViewController.swift */ = {isa = PBXFileReference; lastKnownFileType = sourcecode.swift; path = ResultsViewController.swift; sourceTree = "<group>"; };
		7E4E15EB245E0684006B88CC /* proximanova-light.otf */ = {isa = PBXFileReference; lastKnownFileType = file; path = "proximanova-light.otf"; sourceTree = "<group>"; };
		7E4E15ED245E0811006B88CC /* Label.swift */ = {isa = PBXFileReference; lastKnownFileType = sourcecode.swift; path = Label.swift; sourceTree = "<group>"; };
		7E61D58D245E1C4D00561F97 /* SetupScreenSleepViewController.swift */ = {isa = PBXFileReference; lastKnownFileType = sourcecode.swift; path = SetupScreenSleepViewController.swift; sourceTree = "<group>"; };
		7E61D591245E1CF300561F97 /* AlgorithmInput.swift */ = {isa = PBXFileReference; lastKnownFileType = sourcecode.swift; path = AlgorithmInput.swift; sourceTree = "<group>"; };
		7E61D593245E1E7A00561F97 /* CardView.swift */ = {isa = PBXFileReference; fileEncoding = 4; lastKnownFileType = sourcecode.swift; path = CardView.swift; sourceTree = "<group>"; };
		7E8BB320245DE2F8005A2777 /* SleepShield.app */ = {isa = PBXFileReference; explicitFileType = wrapper.application; includeInIndex = 0; path = SleepShield.app; sourceTree = BUILT_PRODUCTS_DIR; };
		7E8BB323245DE2F8005A2777 /* AppDelegate.swift */ = {isa = PBXFileReference; lastKnownFileType = sourcecode.swift; path = AppDelegate.swift; sourceTree = "<group>"; };
		7E8BB325245DE2F8005A2777 /* SceneDelegate.swift */ = {isa = PBXFileReference; lastKnownFileType = sourcecode.swift; path = SceneDelegate.swift; sourceTree = "<group>"; };
		7E8BB327245DE2F8005A2777 /* ViewController.swift */ = {isa = PBXFileReference; lastKnownFileType = sourcecode.swift; path = ViewController.swift; sourceTree = "<group>"; };
		7E8BB32A245DE2F8005A2777 /* Base */ = {isa = PBXFileReference; lastKnownFileType = file.storyboard; name = Base; path = Base.lproj/Main.storyboard; sourceTree = "<group>"; };
		7E8BB32C245DE301005A2777 /* Assets.xcassets */ = {isa = PBXFileReference; lastKnownFileType = folder.assetcatalog; path = Assets.xcassets; sourceTree = "<group>"; };
		7E8BB32F245DE301005A2777 /* Base */ = {isa = PBXFileReference; lastKnownFileType = file.storyboard; name = Base; path = Base.lproj/LaunchScreen.storyboard; sourceTree = "<group>"; };
		7E8BB331245DE301005A2777 /* Info.plist */ = {isa = PBXFileReference; lastKnownFileType = text.plist.xml; path = Info.plist; sourceTree = "<group>"; };
		7E8BB33A245DEC37005A2777 /* BackendCaller.swift */ = {isa = PBXFileReference; lastKnownFileType = sourcecode.swift; path = BackendCaller.swift; sourceTree = "<group>"; };
		7E8BB342245DF7AF005A2777 /* ShiftViewController.swift */ = {isa = PBXFileReference; lastKnownFileType = sourcecode.swift; path = ShiftViewController.swift; sourceTree = "<group>"; };
		7E8BB348245DF963005A2777 /* SetupScreenAgeWeightViewController.swift */ = {isa = PBXFileReference; lastKnownFileType = sourcecode.swift; path = SetupScreenAgeWeightViewController.swift; sourceTree = "<group>"; };
		7E8BB34B245DF9AB005A2777 /* Button.swift */ = {isa = PBXFileReference; lastKnownFileType = sourcecode.swift; path = Button.swift; sourceTree = "<group>"; };
		7E8BB34D245DFA90005A2777 /* ModernSans-Light.otf */ = {isa = PBXFileReference; lastKnownFileType = file; path = "ModernSans-Light.otf"; sourceTree = "<group>"; };
/* End PBXFileReference section */

/* Begin PBXFrameworksBuildPhase section */
		7E8BB31D245DE2F8005A2777 /* Frameworks */ = {
			isa = PBXFrameworksBuildPhase;
			buildActionMask = 2147483647;
			files = (
				7E1DE27C245E5E97004338C7 /* SwiftEntryKit in Frameworks */,
				7E8BB339245DEC28005A2777 /* Alamofire in Frameworks */,
				7E8BB347245DF87C005A2777 /* JTAppleCalendar in Frameworks */,
				7E8BB33E245DF60F005A2777 /* Anchorage in Frameworks */,
			);
			runOnlyForDeploymentPostprocessing = 0;
		};
/* End PBXFrameworksBuildPhase section */

/* Begin PBXGroup section */
		7E1DE277245E5C99004338C7 /* Cells */ = {
			isa = PBXGroup;
			children = (
				7E1DE278245E5CAA004338C7 /* ShiftTableViewCell.swift */,
			);
			path = Cells;
			sourceTree = "<group>";
		};
		7E61D590245E1CE200561F97 /* Model */ = {
			isa = PBXGroup;
			children = (
				7E61D591245E1CF300561F97 /* AlgorithmInput.swift */,
				7E1DE27D245E6011004338C7 /* Shift.swift */,
			);
			path = Model;
			sourceTree = "<group>";
		};
		7E8BB317245DE2F8005A2777 = {
			isa = PBXGroup;
			children = (
				7E8BB322245DE2F8005A2777 /* SleepShield */,
				7E8BB321245DE2F8005A2777 /* Products */,
			);
			sourceTree = "<group>";
		};
		7E8BB321245DE2F8005A2777 /* Products */ = {
			isa = PBXGroup;
			children = (
				7E8BB320245DE2F8005A2777 /* SleepShield.app */,
			);
			name = Products;
			sourceTree = "<group>";
		};
		7E8BB322245DE2F8005A2777 /* SleepShield */ = {
			isa = PBXGroup;
			children = (
				7E1DE277245E5C99004338C7 /* Cells */,
				7E61D590245E1CE200561F97 /* Model */,
				7E8BB34A245DF969005A2777 /* View */,
				7E8BB341245DF799005A2777 /* ViewControllers */,
				7E8BB33A245DEC37005A2777 /* BackendCaller.swift */,
				7E8BB323245DE2F8005A2777 /* AppDelegate.swift */,
				7E8BB325245DE2F8005A2777 /* SceneDelegate.swift */,
				7E8BB329245DE2F8005A2777 /* Main.storyboard */,
				7E8BB32C245DE301005A2777 /* Assets.xcassets */,
				7E8BB32E245DE301005A2777 /* LaunchScreen.storyboard */,
				7E8BB331245DE301005A2777 /* Info.plist */,
				7E4E15EB245E0684006B88CC /* proximanova-light.otf */,
				7E8BB34D245DFA90005A2777 /* ModernSans-Light.otf */,
				7E1DE273245E4141004338C7 /* UIColor+extension.swift */,
			);
			path = SleepShield;
			sourceTree = "<group>";
		};
		7E8BB341245DF799005A2777 /* ViewControllers */ = {
			isa = PBXGroup;
			children = (
				7E8BB327245DE2F8005A2777 /* ViewController.swift */,
				7E8BB342245DF7AF005A2777 /* ShiftViewController.swift */,
				7E8BB348245DF963005A2777 /* SetupScreenAgeWeightViewController.swift */,
				7E61D58D245E1C4D00561F97 /* SetupScreenSleepViewController.swift */,
				7E1DE27F245E6408004338C7 /* AddShiftViewController.swift */,
				7E1DE283245E6C3F004338C7 /* ResultsViewController.swift */,
			);
			path = ViewControllers;
			sourceTree = "<group>";
		};
		7E8BB34A245DF969005A2777 /* View */ = {
			isa = PBXGroup;
			children = (
				7E61D593245E1E7A00561F97 /* CardView.swift */,
				7E8BB34B245DF9AB005A2777 /* Button.swift */,
				7E4E15ED245E0811006B88CC /* Label.swift */,
				7E1DE271245E21D5004338C7 /* CoolSlider.swift */,
				7E1DE275245E43FF004338C7 /* WakeSlider.swift */,
				7E1DE281245E6422004338C7 /* TextField.swift */,
			);
			path = View;
			sourceTree = "<group>";
		};
/* End PBXGroup section */

/* Begin PBXNativeTarget section */
		7E8BB31F245DE2F8005A2777 /* SleepShield */ = {
			isa = PBXNativeTarget;
			buildConfigurationList = 7E8BB334245DE301005A2777 /* Build configuration list for PBXNativeTarget "SleepShield" */;
			buildPhases = (
				7E8BB31C245DE2F8005A2777 /* Sources */,
				7E8BB31D245DE2F8005A2777 /* Frameworks */,
				7E8BB31E245DE2F8005A2777 /* Resources */,
			);
			buildRules = (
			);
			dependencies = (
			);
			name = SleepShield;
			packageProductDependencies = (
				7E8BB338245DEC28005A2777 /* Alamofire */,
				7E8BB33D245DF60F005A2777 /* Anchorage */,
				7E8BB346245DF87C005A2777 /* JTAppleCalendar */,
				7E1DE27B245E5E97004338C7 /* SwiftEntryKit */,
			);
			productName = SleepShield;
			productReference = 7E8BB320245DE2F8005A2777 /* SleepShield.app */;
			productType = "com.apple.product-type.application";
		};
/* End PBXNativeTarget section */

/* Begin PBXProject section */
		7E8BB318245DE2F8005A2777 /* Project object */ = {
			isa = PBXProject;
			attributes = {
				LastSwiftUpdateCheck = 1140;
				LastUpgradeCheck = 1140;
				ORGANIZATIONNAME = "Matthew Krager";
				TargetAttributes = {
					7E8BB31F245DE2F8005A2777 = {
						CreatedOnToolsVersion = 11.4.1;
					};
				};
			};
			buildConfigurationList = 7E8BB31B245DE2F8005A2777 /* Build configuration list for PBXProject "SleepShield" */;
			compatibilityVersion = "Xcode 9.3";
			developmentRegion = en;
			hasScannedForEncodings = 0;
			knownRegions = (
				en,
				Base,
			);
			mainGroup = 7E8BB317245DE2F8005A2777;
			packageReferences = (
				7E8BB337245DEC28005A2777 /* XCRemoteSwiftPackageReference "Alamofire" */,
				7E8BB33C245DF60F005A2777 /* XCRemoteSwiftPackageReference "Anchorage" */,
				7E8BB345245DF87C005A2777 /* XCRemoteSwiftPackageReference "JTAppleCalendar" */,
				7E1DE27A245E5E97004338C7 /* XCRemoteSwiftPackageReference "SwiftEntryKit" */,
			);
			productRefGroup = 7E8BB321245DE2F8005A2777 /* Products */;
			projectDirPath = "";
			projectRoot = "";
			targets = (
				7E8BB31F245DE2F8005A2777 /* SleepShield */,
			);
		};
/* End PBXProject section */

/* Begin PBXResourcesBuildPhase section */
		7E8BB31E245DE2F8005A2777 /* Resources */ = {
			isa = PBXResourcesBuildPhase;
			buildActionMask = 2147483647;
			files = (
				7E8BB330245DE301005A2777 /* LaunchScreen.storyboard in Resources */,
				7E8BB32D245DE301005A2777 /* Assets.xcassets in Resources */,
				7E8BB34E245DFA93005A2777 /* ModernSans-Light.otf in Resources */,
				7E4E15EC245E06BF006B88CC /* proximanova-light.otf in Resources */,
				7E8BB32B245DE2F8005A2777 /* Main.storyboard in Resources */,
			);
			runOnlyForDeploymentPostprocessing = 0;
		};
/* End PBXResourcesBuildPhase section */

/* Begin PBXSourcesBuildPhase section */
		7E8BB31C245DE2F8005A2777 /* Sources */ = {
			isa = PBXSourcesBuildPhase;
			buildActionMask = 2147483647;
			files = (
				7E8BB34C245DF9AB005A2777 /* Button.swift in Sources */,
				7E61D594245E1E7A00561F97 /* CardView.swift in Sources */,
				7E1DE284245E6C3F004338C7 /* ResultsViewController.swift in Sources */,
				7E8BB328245DE2F8005A2777 /* ViewController.swift in Sources */,
				7E1DE274245E4141004338C7 /* UIColor+extension.swift in Sources */,
				7E1DE280245E6408004338C7 /* AddShiftViewController.swift in Sources */,
				7E1DE27E245E6011004338C7 /* Shift.swift in Sources */,
				7E1DE272245E21D5004338C7 /* CoolSlider.swift in Sources */,
				7E8BB33B245DEC37005A2777 /* BackendCaller.swift in Sources */,
				7E8BB349245DF963005A2777 /* SetupScreenAgeWeightViewController.swift in Sources */,
				7E61D592245E1CF300561F97 /* AlgorithmInput.swift in Sources */,
				7E1DE276245E43FF004338C7 /* WakeSlider.swift in Sources */,
				7E8BB324245DE2F8005A2777 /* AppDelegate.swift in Sources */,
				7E1DE279245E5CAA004338C7 /* ShiftTableViewCell.swift in Sources */,
				7E8BB326245DE2F8005A2777 /* SceneDelegate.swift in Sources */,
				7E4E15EE245E0811006B88CC /* Label.swift in Sources */,
				7E1DE282245E6422004338C7 /* TextField.swift in Sources */,
				7E8BB343245DF7AF005A2777 /* ShiftViewController.swift in Sources */,
				7E61D58E245E1C4D00561F97 /* SetupScreenSleepViewController.swift in Sources */,
			);
			runOnlyForDeploymentPostprocessing = 0;
		};
/* End PBXSourcesBuildPhase section */

/* Begin PBXVariantGroup section */
		7E8BB329245DE2F8005A2777 /* Main.storyboard */ = {
			isa = PBXVariantGroup;
			children = (
				7E8BB32A245DE2F8005A2777 /* Base */,
			);
			name = Main.storyboard;
			sourceTree = "<group>";
		};
		7E8BB32E245DE301005A2777 /* LaunchScreen.storyboard */ = {
			isa = PBXVariantGroup;
			children = (
				7E8BB32F245DE301005A2777 /* Base */,
			);
			name = LaunchScreen.storyboard;
			sourceTree = "<group>";
		};
/* End PBXVariantGroup section */

/* Begin XCBuildConfiguration section */
		7E8BB332245DE301005A2777 /* Debug */ = {
			isa = XCBuildConfiguration;
			buildSettings = {
				ALWAYS_SEARCH_USER_PATHS = NO;
				CLANG_ANALYZER_NONNULL = YES;
				CLANG_ANALYZER_NUMBER_OBJECT_CONVERSION = YES_AGGRESSIVE;
				CLANG_CXX_LANGUAGE_STANDARD = "gnu++14";
				CLANG_CXX_LIBRARY = "libc++";
				CLANG_ENABLE_MODULES = YES;
				CLANG_ENABLE_OBJC_ARC = YES;
				CLANG_ENABLE_OBJC_WEAK = YES;
				CLANG_WARN_BLOCK_CAPTURE_AUTORELEASING = YES;
				CLANG_WARN_BOOL_CONVERSION = YES;
				CLANG_WARN_COMMA = YES;
				CLANG_WARN_CONSTANT_CONVERSION = YES;
				CLANG_WARN_DEPRECATED_OBJC_IMPLEMENTATIONS = YES;
				CLANG_WARN_DIRECT_OBJC_ISA_USAGE = YES_ERROR;
				CLANG_WARN_DOCUMENTATION_COMMENTS = YES;
				CLANG_WARN_EMPTY_BODY = YES;
				CLANG_WARN_ENUM_CONVERSION = YES;
				CLANG_WARN_INFINITE_RECURSION = YES;
				CLANG_WARN_INT_CONVERSION = YES;
				CLANG_WARN_NON_LITERAL_NULL_CONVERSION = YES;
				CLANG_WARN_OBJC_IMPLICIT_RETAIN_SELF = YES;
				CLANG_WARN_OBJC_LITERAL_CONVERSION = YES;
				CLANG_WARN_OBJC_ROOT_CLASS = YES_ERROR;
				CLANG_WARN_RANGE_LOOP_ANALYSIS = YES;
				CLANG_WARN_STRICT_PROTOTYPES = YES;
				CLANG_WARN_SUSPICIOUS_MOVE = YES;
				CLANG_WARN_UNGUARDED_AVAILABILITY = YES_AGGRESSIVE;
				CLANG_WARN_UNREACHABLE_CODE = YES;
				CLANG_WARN__DUPLICATE_METHOD_MATCH = YES;
				COPY_PHASE_STRIP = NO;
				DEBUG_INFORMATION_FORMAT = dwarf;
				ENABLE_STRICT_OBJC_MSGSEND = YES;
				ENABLE_TESTABILITY = YES;
				GCC_C_LANGUAGE_STANDARD = gnu11;
				GCC_DYNAMIC_NO_PIC = NO;
				GCC_NO_COMMON_BLOCKS = YES;
				GCC_OPTIMIZATION_LEVEL = 0;
				GCC_PREPROCESSOR_DEFINITIONS = (
					"DEBUG=1",
					"$(inherited)",
				);
				GCC_WARN_64_TO_32_BIT_CONVERSION = YES;
				GCC_WARN_ABOUT_RETURN_TYPE = YES_ERROR;
				GCC_WARN_UNDECLARED_SELECTOR = YES;
				GCC_WARN_UNINITIALIZED_AUTOS = YES_AGGRESSIVE;
				GCC_WARN_UNUSED_FUNCTION = YES;
				GCC_WARN_UNUSED_VARIABLE = YES;
				IPHONEOS_DEPLOYMENT_TARGET = 13.4;
				MTL_ENABLE_DEBUG_INFO = INCLUDE_SOURCE;
				MTL_FAST_MATH = YES;
				ONLY_ACTIVE_ARCH = YES;
				SDKROOT = iphoneos;
				SWIFT_ACTIVE_COMPILATION_CONDITIONS = DEBUG;
				SWIFT_OPTIMIZATION_LEVEL = "-Onone";
			};
			name = Debug;
		};
		7E8BB333245DE301005A2777 /* Release */ = {
			isa = XCBuildConfiguration;
			buildSettings = {
				ALWAYS_SEARCH_USER_PATHS = NO;
				CLANG_ANALYZER_NONNULL = YES;
				CLANG_ANALYZER_NUMBER_OBJECT_CONVERSION = YES_AGGRESSIVE;
				CLANG_CXX_LANGUAGE_STANDARD = "gnu++14";
				CLANG_CXX_LIBRARY = "libc++";
				CLANG_ENABLE_MODULES = YES;
				CLANG_ENABLE_OBJC_ARC = YES;
				CLANG_ENABLE_OBJC_WEAK = YES;
				CLANG_WARN_BLOCK_CAPTURE_AUTORELEASING = YES;
				CLANG_WARN_BOOL_CONVERSION = YES;
				CLANG_WARN_COMMA = YES;
				CLANG_WARN_CONSTANT_CONVERSION = YES;
				CLANG_WARN_DEPRECATED_OBJC_IMPLEMENTATIONS = YES;
				CLANG_WARN_DIRECT_OBJC_ISA_USAGE = YES_ERROR;
				CLANG_WARN_DOCUMENTATION_COMMENTS = YES;
				CLANG_WARN_EMPTY_BODY = YES;
				CLANG_WARN_ENUM_CONVERSION = YES;
				CLANG_WARN_INFINITE_RECURSION = YES;
				CLANG_WARN_INT_CONVERSION = YES;
				CLANG_WARN_NON_LITERAL_NULL_CONVERSION = YES;
				CLANG_WARN_OBJC_IMPLICIT_RETAIN_SELF = YES;
				CLANG_WARN_OBJC_LITERAL_CONVERSION = YES;
				CLANG_WARN_OBJC_ROOT_CLASS = YES_ERROR;
				CLANG_WARN_RANGE_LOOP_ANALYSIS = YES;
				CLANG_WARN_STRICT_PROTOTYPES = YES;
				CLANG_WARN_SUSPICIOUS_MOVE = YES;
				CLANG_WARN_UNGUARDED_AVAILABILITY = YES_AGGRESSIVE;
				CLANG_WARN_UNREACHABLE_CODE = YES;
				CLANG_WARN__DUPLICATE_METHOD_MATCH = YES;
				COPY_PHASE_STRIP = NO;
				DEBUG_INFORMATION_FORMAT = "dwarf-with-dsym";
				ENABLE_NS_ASSERTIONS = NO;
				ENABLE_STRICT_OBJC_MSGSEND = YES;
				GCC_C_LANGUAGE_STANDARD = gnu11;
				GCC_NO_COMMON_BLOCKS = YES;
				GCC_WARN_64_TO_32_BIT_CONVERSION = YES;
				GCC_WARN_ABOUT_RETURN_TYPE = YES_ERROR;
				GCC_WARN_UNDECLARED_SELECTOR = YES;
				GCC_WARN_UNINITIALIZED_AUTOS = YES_AGGRESSIVE;
				GCC_WARN_UNUSED_FUNCTION = YES;
				GCC_WARN_UNUSED_VARIABLE = YES;
				IPHONEOS_DEPLOYMENT_TARGET = 13.4;
				MTL_ENABLE_DEBUG_INFO = NO;
				MTL_FAST_MATH = YES;
				SDKROOT = iphoneos;
				SWIFT_COMPILATION_MODE = wholemodule;
				SWIFT_OPTIMIZATION_LEVEL = "-O";
				VALIDATE_PRODUCT = YES;
			};
			name = Release;
		};
		7E8BB335245DE301005A2777 /* Debug */ = {
			isa = XCBuildConfiguration;
			buildSettings = {
				ASSETCATALOG_COMPILER_APPICON_NAME = AppIcon;
				CODE_SIGN_STYLE = Automatic;
				DEVELOPMENT_TEAM = 2FKX4SDTGM;
				INFOPLIST_FILE = SleepShield/Info.plist;
				LD_RUNPATH_SEARCH_PATHS = (
					"$(inherited)",
					"@executable_path/Frameworks",
				);
				PRODUCT_BUNDLE_IDENTIFIER = Krager.SleepShield;
				PRODUCT_NAME = "$(TARGET_NAME)";
				SWIFT_VERSION = 5.0;
				TARGETED_DEVICE_FAMILY = "1,2";
			};
			name = Debug;
		};
		7E8BB336245DE301005A2777 /* Release */ = {
			isa = XCBuildConfiguration;
			buildSettings = {
				ASSETCATALOG_COMPILER_APPICON_NAME = AppIcon;
				CODE_SIGN_STYLE = Automatic;
				DEVELOPMENT_TEAM = 2FKX4SDTGM;
				INFOPLIST_FILE = SleepShield/Info.plist;
				LD_RUNPATH_SEARCH_PATHS = (
					"$(inherited)",
					"@executable_path/Frameworks",
				);
				PRODUCT_BUNDLE_IDENTIFIER = Krager.SleepShield;
				PRODUCT_NAME = "$(TARGET_NAME)";
				SWIFT_VERSION = 5.0;
				TARGETED_DEVICE_FAMILY = "1,2";
			};
			name = Release;
		};
/* End XCBuildConfiguration section */

/* Begin XCConfigurationList section */
		7E8BB31B245DE2F8005A2777 /* Build configuration list for PBXProject "SleepShield" */ = {
			isa = XCConfigurationList;
			buildConfigurations = (
				7E8BB332245DE301005A2777 /* Debug */,
				7E8BB333245DE301005A2777 /* Release */,
			);
			defaultConfigurationIsVisible = 0;
			defaultConfigurationName = Release;
		};
		7E8BB334245DE301005A2777 /* Build configuration list for PBXNativeTarget "SleepShield" */ = {
			isa = XCConfigurationList;
			buildConfigurations = (
				7E8BB335245DE301005A2777 /* Debug */,
				7E8BB336245DE301005A2777 /* Release */,
			);
			defaultConfigurationIsVisible = 0;
			defaultConfigurationName = Release;
		};
/* End XCConfigurationList section */

/* Begin XCRemoteSwiftPackageReference section */
		7E1DE27A245E5E97004338C7 /* XCRemoteSwiftPackageReference "SwiftEntryKit" */ = {
			isa = XCRemoteSwiftPackageReference;
			repositoryURL = "https://github.com/huri000/SwiftEntryKit";
			requirement = {
				kind = upToNextMajorVersion;
				minimumVersion = 1.2.3;
			};
		};
		7E8BB337245DEC28005A2777 /* XCRemoteSwiftPackageReference "Alamofire" */ = {
			isa = XCRemoteSwiftPackageReference;
			repositoryURL = "https://github.com/Alamofire/Alamofire";
			requirement = {
				kind = upToNextMajorVersion;
				minimumVersion = 5.1.0;
			};
		};
		7E8BB33C245DF60F005A2777 /* XCRemoteSwiftPackageReference "Anchorage" */ = {
			isa = XCRemoteSwiftPackageReference;
			repositoryURL = "https://github.com/Rightpoint/Anchorage";
			requirement = {
				kind = upToNextMajorVersion;
				minimumVersion = 4.4.0;
			};
		};
		7E8BB345245DF87C005A2777 /* XCRemoteSwiftPackageReference "JTAppleCalendar" */ = {
			isa = XCRemoteSwiftPackageReference;
			repositoryURL = "https://github.com/patchthecode/JTAppleCalendar";
			requirement = {
				kind = upToNextMajorVersion;
				minimumVersion = 8.0.3;
			};
		};
/* End XCRemoteSwiftPackageReference section */

/* Begin XCSwiftPackageProductDependency section */
		7E1DE27B245E5E97004338C7 /* SwiftEntryKit */ = {
			isa = XCSwiftPackageProductDependency;
			package = 7E1DE27A245E5E97004338C7 /* XCRemoteSwiftPackageReference "SwiftEntryKit" */;
			productName = SwiftEntryKit;
		};
		7E8BB338245DEC28005A2777 /* Alamofire */ = {
			isa = XCSwiftPackageProductDependency;
			package = 7E8BB337245DEC28005A2777 /* XCRemoteSwiftPackageReference "Alamofire" */;
			productName = Alamofire;
		};
		7E8BB33D245DF60F005A2777 /* Anchorage */ = {
			isa = XCSwiftPackageProductDependency;
			package = 7E8BB33C245DF60F005A2777 /* XCRemoteSwiftPackageReference "Anchorage" */;
			productName = Anchorage;
		};
		7E8BB346245DF87C005A2777 /* JTAppleCalendar */ = {
			isa = XCSwiftPackageProductDependency;
			package = 7E8BB345245DF87C005A2777 /* XCRemoteSwiftPackageReference "JTAppleCalendar" */;
			productName = JTAppleCalendar;
		};
/* End XCSwiftPackageProductDependency section */
	};
	rootObject = 7E8BB318245DE2F8005A2777 /* Project object */;
}
